// !$*UTF8*$!
{
	archiveVersion = 1;
	classes = {
	};
	objectVersion = 56;
	objects = {

/* Begin PBXBuildFile section */
		6E42B8472C40B5D000F25652 /* TrafficLightView.swift in Sources */ = {isa = PBXBuildFile; fileRef = 6E42B8462C40B5D000F25652 /* TrafficLightView.swift */; };
		6E42B8492C40B60200F25652 /* Enums.swift in Sources */ = {isa = PBXBuildFile; fileRef = 6E42B8482C40B60200F25652 /* Enums.swift */; };
		6E42B84B2C40B69900F25652 /* SingleTrafficLightView.swift in Sources */ = {isa = PBXBuildFile; fileRef = 6E42B84A2C40B69900F25652 /* SingleTrafficLightView.swift */; };
		6E985F2D2C3F319C00AB2B70 /* String+Helpers.swift in Sources */ = {isa = PBXBuildFile; fileRef = 6E985F2C2C3F319C00AB2B70 /* String+Helpers.swift */; };
		6E985F302C3F31C100AB2B70 /* InputView.swift in Sources */ = {isa = PBXBuildFile; fileRef = 6E985F2F2C3F31C100AB2B70 /* InputView.swift */; };
		6E985F322C3F31D900AB2B70 /* UIView+Helpers.swift in Sources */ = {isa = PBXBuildFile; fileRef = 6E985F312C3F31D900AB2B70 /* UIView+Helpers.swift */; };
		6E985F342C3F325000AB2B70 /* TextView.swift in Sources */ = {isa = PBXBuildFile; fileRef = 6E985F332C3F325000AB2B70 /* TextView.swift */; };
		6E985F372C3F329800AB2B70 /* Constants.swift in Sources */ = {isa = PBXBuildFile; fileRef = 6E985F362C3F329800AB2B70 /* Constants.swift */; };
		6E985F3B2C3F37F600AB2B70 /* TrafficLightViewController.swift in Sources */ = {isa = PBXBuildFile; fileRef = 6E985F3A2C3F37F600AB2B70 /* TrafficLightViewController.swift */; };
		6EB058292C3D9F2E00D23762 /* AppDelegate.swift in Sources */ = {isa = PBXBuildFile; fileRef = 6EB058282C3D9F2E00D23762 /* AppDelegate.swift */; };
		6EB0582D2C3D9F2E00D23762 /* StartViewController.swift in Sources */ = {isa = PBXBuildFile; fileRef = 6EB0582C2C3D9F2E00D23762 /* StartViewController.swift */; };
		6EB058322C3D9F3100D23762 /* Assets.xcassets in Resources */ = {isa = PBXBuildFile; fileRef = 6EB058312C3D9F3100D23762 /* Assets.xcassets */; };
		6EB058352C3D9F3100D23762 /* LaunchScreen.storyboard in Resources */ = {isa = PBXBuildFile; fileRef = 6EB058332C3D9F3100D23762 /* LaunchScreen.storyboard */; };
/* End PBXBuildFile section */

/* Begin PBXFileReference section */
		6E42B8462C40B5D000F25652 /* TrafficLightView.swift */ = {isa = PBXFileReference; lastKnownFileType = sourcecode.swift; path = TrafficLightView.swift; sourceTree = "<group>"; };
		6E42B8482C40B60200F25652 /* Enums.swift */ = {isa = PBXFileReference; lastKnownFileType = sourcecode.swift; path = Enums.swift; sourceTree = "<group>"; };
		6E42B84A2C40B69900F25652 /* SingleTrafficLightView.swift */ = {isa = PBXFileReference; lastKnownFileType = sourcecode.swift; path = SingleTrafficLightView.swift; sourceTree = "<group>"; };
		6E985F2C2C3F319C00AB2B70 /* String+Helpers.swift */ = {isa = PBXFileReference; lastKnownFileType = sourcecode.swift; path = "String+Helpers.swift"; sourceTree = "<group>"; };
		6E985F2F2C3F31C100AB2B70 /* InputView.swift */ = {isa = PBXFileReference; lastKnownFileType = sourcecode.swift; path = InputView.swift; sourceTree = "<group>"; };
		6E985F312C3F31D900AB2B70 /* UIView+Helpers.swift */ = {isa = PBXFileReference; lastKnownFileType = sourcecode.swift; path = "UIView+Helpers.swift"; sourceTree = "<group>"; };
		6E985F332C3F325000AB2B70 /* TextView.swift */ = {isa = PBXFileReference; lastKnownFileType = sourcecode.swift; path = TextView.swift; sourceTree = "<group>"; };
		6E985F362C3F329800AB2B70 /* Constants.swift */ = {isa = PBXFileReference; lastKnownFileType = sourcecode.swift; path = Constants.swift; sourceTree = "<group>"; };
		6E985F3A2C3F37F600AB2B70 /* TrafficLightViewController.swift */ = {isa = PBXFileReference; lastKnownFileType = sourcecode.swift; path = TrafficLightViewController.swift; sourceTree = "<group>"; };
		6EB058252C3D9F2E00D23762 /* TrafficLights.app */ = {isa = PBXFileReference; explicitFileType = wrapper.application; includeInIndex = 0; path = TrafficLights.app; sourceTree = BUILT_PRODUCTS_DIR; };
		6EB058282C3D9F2E00D23762 /* AppDelegate.swift */ = {isa = PBXFileReference; lastKnownFileType = sourcecode.swift; path = AppDelegate.swift; sourceTree = "<group>"; };
		6EB0582C2C3D9F2E00D23762 /* StartViewController.swift */ = {isa = PBXFileReference; lastKnownFileType = sourcecode.swift; path = StartViewController.swift; sourceTree = "<group>"; };
		6EB058312C3D9F3100D23762 /* Assets.xcassets */ = {isa = PBXFileReference; lastKnownFileType = folder.assetcatalog; path = Assets.xcassets; sourceTree = "<group>"; };
		6EB058342C3D9F3100D23762 /* Base */ = {isa = PBXFileReference; lastKnownFileType = file.storyboard; name = Base; path = Base.lproj/LaunchScreen.storyboard; sourceTree = "<group>"; };
		6EB058362C3D9F3100D23762 /* Info.plist */ = {isa = PBXFileReference; lastKnownFileType = text.plist.xml; path = Info.plist; sourceTree = "<group>"; };
/* End PBXFileReference section */

/* Begin PBXFrameworksBuildPhase section */
		6EB058222C3D9F2E00D23762 /* Frameworks */ = {
			isa = PBXFrameworksBuildPhase;
			buildActionMask = 2147483647;
			files = (
			);
			runOnlyForDeploymentPostprocessing = 0;
		};
/* End PBXFrameworksBuildPhase section */

/* Begin PBXGroup section */
		6E985F2B2C3F318F00AB2B70 /* Extensions */ = {
			isa = PBXGroup;
			children = (
				6E985F2C2C3F319C00AB2B70 /* String+Helpers.swift */,
				6E985F312C3F31D900AB2B70 /* UIView+Helpers.swift */,
			);
			path = Extensions;
			sourceTree = "<group>";
		};
		6E985F2E2C3F31B100AB2B70 /* Views */ = {
			isa = PBXGroup;
			children = (
				6E985F2F2C3F31C100AB2B70 /* InputView.swift */,
				6E985F332C3F325000AB2B70 /* TextView.swift */,
				6E42B8462C40B5D000F25652 /* TrafficLightView.swift */,
				6E42B84A2C40B69900F25652 /* SingleTrafficLightView.swift */,
			);
			path = Views;
			sourceTree = "<group>";
		};
		6E985F352C3F328A00AB2B70 /* Misc */ = {
			isa = PBXGroup;
			children = (
				6E985F362C3F329800AB2B70 /* Constants.swift */,
				6E42B8482C40B60200F25652 /* Enums.swift */,
			);
			path = Misc;
			sourceTree = "<group>";
		};
		6E985F382C3F366C00AB2B70 /* UI */ = {
			isa = PBXGroup;
			children = (
				6EB058332C3D9F3100D23762 /* LaunchScreen.storyboard */,
			);
			path = UI;
			sourceTree = "<group>";
		};
		6E985F392C3F368700AB2B70 /* Controllers */ = {
			isa = PBXGroup;
			children = (
				6EB0582C2C3D9F2E00D23762 /* StartViewController.swift */,
				6E985F3A2C3F37F600AB2B70 /* TrafficLightViewController.swift */,
			);
			path = Controllers;
			sourceTree = "<group>";
		};
		6EB0581C2C3D9F2E00D23762 = {
			isa = PBXGroup;
			children = (
				6EB058272C3D9F2E00D23762 /* TrafficLights */,
				6EB058262C3D9F2E00D23762 /* Products */,
			);
			sourceTree = "<group>";
		};
		6EB058262C3D9F2E00D23762 /* Products */ = {
			isa = PBXGroup;
			children = (
				6EB058252C3D9F2E00D23762 /* TrafficLights.app */,
			);
			name = Products;
			sourceTree = "<group>";
		};
		6EB058272C3D9F2E00D23762 /* TrafficLights */ = {
			isa = PBXGroup;
			children = (
				6E985F392C3F368700AB2B70 /* Controllers */,
				6E985F2E2C3F31B100AB2B70 /* Views */,
				6E985F2B2C3F318F00AB2B70 /* Extensions */,
				6E985F352C3F328A00AB2B70 /* Misc */,
				6E985F382C3F366C00AB2B70 /* UI */,
				6EB058282C3D9F2E00D23762 /* AppDelegate.swift */,
				6EB058312C3D9F3100D23762 /* Assets.xcassets */,
				6EB058362C3D9F3100D23762 /* Info.plist */,
			);
			path = TrafficLights;
			sourceTree = "<group>";
		};
/* End PBXGroup section */

/* Begin PBXNativeTarget section */
		6EB058242C3D9F2E00D23762 /* TrafficLights */ = {
			isa = PBXNativeTarget;
			buildConfigurationList = 6EB058392C3D9F3100D23762 /* Build configuration list for PBXNativeTarget "TrafficLights" */;
			buildPhases = (
				6EB058212C3D9F2E00D23762 /* Sources */,
				6EB058222C3D9F2E00D23762 /* Frameworks */,
				6EB058232C3D9F2E00D23762 /* Resources */,
			);
			buildRules = (
			);
			dependencies = (
			);
			name = TrafficLights;
			productName = TrafficLights;
			productReference = 6EB058252C3D9F2E00D23762 /* TrafficLights.app */;
			productType = "com.apple.product-type.application";
		};
/* End PBXNativeTarget section */

/* Begin PBXProject section */
		6EB0581D2C3D9F2E00D23762 /* Project object */ = {
			isa = PBXProject;
			attributes = {
				BuildIndependentTargetsInParallel = 1;
				LastSwiftUpdateCheck = 1520;
				LastUpgradeCheck = 1520;
				TargetAttributes = {
					6EB058242C3D9F2E00D23762 = {
						CreatedOnToolsVersion = 15.2;
					};
				};
			};
			buildConfigurationList = 6EB058202C3D9F2E00D23762 /* Build configuration list for PBXProject "TrafficLights" */;
			compatibilityVersion = "Xcode 14.0";
			developmentRegion = en;
			hasScannedForEncodings = 0;
			knownRegions = (
				en,
				Base,
			);
			mainGroup = 6EB0581C2C3D9F2E00D23762;
			productRefGroup = 6EB058262C3D9F2E00D23762 /* Products */;
			projectDirPath = "";
			projectRoot = "";
			targets = (
				6EB058242C3D9F2E00D23762 /* TrafficLights */,
			);
		};
/* End PBXProject section */

/* Begin PBXResourcesBuildPhase section */
		6EB058232C3D9F2E00D23762 /* Resources */ = {
			isa = PBXResourcesBuildPhase;
			buildActionMask = 2147483647;
			files = (
				6EB058352C3D9F3100D23762 /* LaunchScreen.storyboard in Resources */,
				6EB058322C3D9F3100D23762 /* Assets.xcassets in Resources */,
			);
			runOnlyForDeploymentPostprocessing = 0;
		};
/* End PBXResourcesBuildPhase section */

/* Begin PBXSourcesBuildPhase section */
		6EB058212C3D9F2E00D23762 /* Sources */ = {
			isa = PBXSourcesBuildPhase;
			buildActionMask = 2147483647;
			files = (
				6E985F322C3F31D900AB2B70 /* UIView+Helpers.swift in Sources */,
				6EB0582D2C3D9F2E00D23762 /* StartViewController.swift in Sources */,
				6E42B84B2C40B69900F25652 /* SingleTrafficLightView.swift in Sources */,
				6E42B8492C40B60200F25652 /* Enums.swift in Sources */,
				6E985F3B2C3F37F600AB2B70 /* TrafficLightViewController.swift in Sources */,
				6E985F372C3F329800AB2B70 /* Constants.swift in Sources */,
				6E985F302C3F31C100AB2B70 /* InputView.swift in Sources */,
				6E985F342C3F325000AB2B70 /* TextView.swift in Sources */,
				6EB058292C3D9F2E00D23762 /* AppDelegate.swift in Sources */,
				6E42B8472C40B5D000F25652 /* TrafficLightView.swift in Sources */,
				6E985F2D2C3F319C00AB2B70 /* String+Helpers.swift in Sources */,
			);
			runOnlyForDeploymentPostprocessing = 0;
		};
/* End PBXSourcesBuildPhase section */

/* Begin PBXVariantGroup section */
		6EB058332C3D9F3100D23762 /* LaunchScreen.storyboard */ = {
			isa = PBXVariantGroup;
			children = (
				6EB058342C3D9F3100D23762 /* Base */,
			);
			name = LaunchScreen.storyboard;
			sourceTree = "<group>";
		};
/* End PBXVariantGroup section */

/* Begin XCBuildConfiguration section */
		6EB058372C3D9F3100D23762 /* Debug */ = {
			isa = XCBuildConfiguration;
			buildSettings = {
				ALWAYS_SEARCH_USER_PATHS = NO;
				ASSETCATALOG_COMPILER_GENERATE_SWIFT_ASSET_SYMBOL_EXTENSIONS = YES;
				CLANG_ANALYZER_NONNULL = YES;
				CLANG_ANALYZER_NUMBER_OBJECT_CONVERSION = YES_AGGRESSIVE;
				CLANG_CXX_LANGUAGE_STANDARD = "gnu++20";
				CLANG_ENABLE_MODULES = YES;
				CLANG_ENABLE_OBJC_ARC = YES;
				CLANG_ENABLE_OBJC_WEAK = YES;
				CLANG_WARN_BLOCK_CAPTURE_AUTORELEASING = YES;
				CLANG_WARN_BOOL_CONVERSION = YES;
				CLANG_WARN_COMMA = YES;
				CLANG_WARN_CONSTANT_CONVERSION = YES;
				CLANG_WARN_DEPRECATED_OBJC_IMPLEMENTATIONS = YES;
				CLANG_WARN_DIRECT_OBJC_ISA_USAGE = YES_ERROR;
				CLANG_WARN_DOCUMENTATION_COMMENTS = YES;
				CLANG_WARN_EMPTY_BODY = YES;
				CLANG_WARN_ENUM_CONVERSION = YES;
				CLANG_WARN_INFINITE_RECURSION = YES;
				CLANG_WARN_INT_CONVERSION = YES;
				CLANG_WARN_NON_LITERAL_NULL_CONVERSION = YES;
				CLANG_WARN_OBJC_IMPLICIT_RETAIN_SELF = YES;
				CLANG_WARN_OBJC_LITERAL_CONVERSION = YES;
				CLANG_WARN_OBJC_ROOT_CLASS = YES_ERROR;
				CLANG_WARN_QUOTED_INCLUDE_IN_FRAMEWORK_HEADER = YES;
				CLANG_WARN_RANGE_LOOP_ANALYSIS = YES;
				CLANG_WARN_STRICT_PROTOTYPES = YES;
				CLANG_WARN_SUSPICIOUS_MOVE = YES;
				CLANG_WARN_UNGUARDED_AVAILABILITY = YES_AGGRESSIVE;
				CLANG_WARN_UNREACHABLE_CODE = YES;
				CLANG_WARN__DUPLICATE_METHOD_MATCH = YES;
				COPY_PHASE_STRIP = NO;
				DEBUG_INFORMATION_FORMAT = dwarf;
				ENABLE_STRICT_OBJC_MSGSEND = YES;
				ENABLE_TESTABILITY = YES;
				ENABLE_USER_SCRIPT_SANDBOXING = YES;
				GCC_C_LANGUAGE_STANDARD = gnu17;
				GCC_DYNAMIC_NO_PIC = NO;
				GCC_NO_COMMON_BLOCKS = YES;
				GCC_OPTIMIZATION_LEVEL = 0;
				GCC_PREPROCESSOR_DEFINITIONS = (
					"DEBUG=1",
					"$(inherited)",
				);
				GCC_WARN_64_TO_32_BIT_CONVERSION = YES;
				GCC_WARN_ABOUT_RETURN_TYPE = YES_ERROR;
				GCC_WARN_UNDECLARED_SELECTOR = YES;
				GCC_WARN_UNINITIALIZED_AUTOS = YES_AGGRESSIVE;
				GCC_WARN_UNUSED_FUNCTION = YES;
				GCC_WARN_UNUSED_VARIABLE = YES;
				IPHONEOS_DEPLOYMENT_TARGET = 17.2;
				LOCALIZATION_PREFERS_STRING_CATALOGS = YES;
				MTL_ENABLE_DEBUG_INFO = INCLUDE_SOURCE;
				MTL_FAST_MATH = YES;
				ONLY_ACTIVE_ARCH = YES;
				SDKROOT = iphoneos;
				SWIFT_ACTIVE_COMPILATION_CONDITIONS = "DEBUG $(inherited)";
				SWIFT_OPTIMIZATION_LEVEL = "-Onone";
			};
			name = Debug;
		};
		6EB058382C3D9F3100D23762 /* Release */ = {
			isa = XCBuildConfiguration;
			buildSettings = {
				ALWAYS_SEARCH_USER_PATHS = NO;
				ASSETCATALOG_COMPILER_GENERATE_SWIFT_ASSET_SYMBOL_EXTENSIONS = YES;
				CLANG_ANALYZER_NONNULL = YES;
				CLANG_ANALYZER_NUMBER_OBJECT_CONVERSION = YES_AGGRESSIVE;
				CLANG_CXX_LANGUAGE_STANDARD = "gnu++20";
				CLANG_ENABLE_MODULES = YES;
				CLANG_ENABLE_OBJC_ARC = YES;
				CLANG_ENABLE_OBJC_WEAK = YES;
				CLANG_WARN_BLOCK_CAPTURE_AUTORELEASING = YES;
				CLANG_WARN_BOOL_CONVERSION = YES;
				CLANG_WARN_COMMA = YES;
				CLANG_WARN_CONSTANT_CONVERSION = YES;
				CLANG_WARN_DEPRECATED_OBJC_IMPLEMENTATIONS = YES;
				CLANG_WARN_DIRECT_OBJC_ISA_USAGE = YES_ERROR;
				CLANG_WARN_DOCUMENTATION_COMMENTS = YES;
				CLANG_WARN_EMPTY_BODY = YES;
				CLANG_WARN_ENUM_CONVERSION = YES;
				CLANG_WARN_INFINITE_RECURSION = YES;
				CLANG_WARN_INT_CONVERSION = YES;
				CLANG_WARN_NON_LITERAL_NULL_CONVERSION = YES;
				CLANG_WARN_OBJC_IMPLICIT_RETAIN_SELF = YES;
				CLANG_WARN_OBJC_LITERAL_CONVERSION = YES;
				CLANG_WARN_OBJC_ROOT_CLASS = YES_ERROR;
				CLANG_WARN_QUOTED_INCLUDE_IN_FRAMEWORK_HEADER = YES;
				CLANG_WARN_RANGE_LOOP_ANALYSIS = YES;
				CLANG_WARN_STRICT_PROTOTYPES = YES;
				CLANG_WARN_SUSPICIOUS_MOVE = YES;
				CLANG_WARN_UNGUARDED_AVAILABILITY = YES_AGGRESSIVE;
				CLANG_WARN_UNREACHABLE_CODE = YES;
				CLANG_WARN__DUPLICATE_METHOD_MATCH = YES;
				COPY_PHASE_STRIP = NO;
				DEBUG_INFORMATION_FORMAT = "dwarf-with-dsym";
				ENABLE_NS_ASSERTIONS = NO;
				ENABLE_STRICT_OBJC_MSGSEND = YES;
				ENABLE_USER_SCRIPT_SANDBOXING = YES;
				GCC_C_LANGUAGE_STANDARD = gnu17;
				GCC_NO_COMMON_BLOCKS = YES;
				GCC_WARN_64_TO_32_BIT_CONVERSION = YES;
				GCC_WARN_ABOUT_RETURN_TYPE = YES_ERROR;
				GCC_WARN_UNDECLARED_SELECTOR = YES;
				GCC_WARN_UNINITIALIZED_AUTOS = YES_AGGRESSIVE;
				GCC_WARN_UNUSED_FUNCTION = YES;
				GCC_WARN_UNUSED_VARIABLE = YES;
				IPHONEOS_DEPLOYMENT_TARGET = 17.2;
				LOCALIZATION_PREFERS_STRING_CATALOGS = YES;
				MTL_ENABLE_DEBUG_INFO = NO;
				MTL_FAST_MATH = YES;
				SDKROOT = iphoneos;
				SWIFT_COMPILATION_MODE = wholemodule;
				VALIDATE_PRODUCT = YES;
			};
			name = Release;
		};
		6EB0583A2C3D9F3100D23762 /* Debug */ = {
			isa = XCBuildConfiguration;
			buildSettings = {
				ASSETCATALOG_COMPILER_APPICON_NAME = AppIcon;
				ASSETCATALOG_COMPILER_GLOBAL_ACCENT_COLOR_NAME = AccentColor;
				CODE_SIGN_STYLE = Automatic;
				CURRENT_PROJECT_VERSION = 1;
				DEVELOPMENT_TEAM = C94NHUL4CY;
				GENERATE_INFOPLIST_FILE = YES;
				INFOPLIST_FILE = TrafficLights/Info.plist;
				INFOPLIST_KEY_LSApplicationCategoryType = "public.app-category.entertainment";
				INFOPLIST_KEY_UIApplicationSupportsIndirectInputEvents = YES;
				INFOPLIST_KEY_UILaunchStoryboardName = LaunchScreen.storyboard;
				INFOPLIST_KEY_UISupportedInterfaceOrientations = "UIInterfaceOrientationLandscapeLeft UIInterfaceOrientationLandscapeRight UIInterfaceOrientationPortrait UIInterfaceOrientationPortraitUpsideDown";
				INFOPLIST_KEY_UIUserInterfaceStyle = Light;
				IPHONEOS_DEPLOYMENT_TARGET = 15.0;
				LD_RUNPATH_SEARCH_PATHS = (
					"$(inherited)",
					"@executable_path/Frameworks",
				);
				MARKETING_VERSION = 1.0;
				PRODUCT_BUNDLE_IDENTIFIER = com.stiliyan.yankov.TrafficLights;
				PRODUCT_NAME = "$(TARGET_NAME)";
				SUPPORTED_PLATFORMS = "iphoneos iphonesimulator";
				SUPPORTS_MACCATALYST = NO;
				SUPPORTS_XR_DESIGNED_FOR_IPHONE_IPAD = NO;
				SWIFT_EMIT_LOC_STRINGS = YES;
				SWIFT_VERSION = 5.0;
				TARGETED_DEVICE_FAMILY = "1,2";
			};
			name = Debug;
		};
		6EB0583B2C3D9F3100D23762 /* Release */ = {
			isa = XCBuildConfiguration;
			buildSettings = {
				ASSETCATALOG_COMPILER_APPICON_NAME = AppIcon;
				ASSETCATALOG_COMPILER_GLOBAL_ACCENT_COLOR_NAME = AccentColor;
				CODE_SIGN_STYLE = Automatic;
				CURRENT_PROJECT_VERSION = 1;
				DEVELOPMENT_TEAM = C94NHUL4CY;
				GENERATE_INFOPLIST_FILE = YES;
				INFOPLIST_FILE = TrafficLights/Info.plist;
				INFOPLIST_KEY_LSApplicationCategoryType = "public.app-category.entertainment";
				INFOPLIST_KEY_UIApplicationSupportsIndirectInputEvents = YES;
				INFOPLIST_KEY_UILaunchStoryboardName = LaunchScreen.storyboard;
				INFOPLIST_KEY_UISupportedInterfaceOrientations = "UIInterfaceOrientationLandscapeLeft UIInterfaceOrientationLandscapeRight UIInterfaceOrientationPortrait UIInterfaceOrientationPortraitUpsideDown";
				INFOPLIST_KEY_UIUserInterfaceStyle = Light;
				IPHONEOS_DEPLOYMENT_TARGET = 15.0;
				LD_RUNPATH_SEARCH_PATHS = (
					"$(inherited)",
					"@executable_path/Frameworks",
				);
				MARKETING_VERSION = 1.0;
				PRODUCT_BUNDLE_IDENTIFIER = com.stiliyan.yankov.TrafficLights;
				PRODUCT_NAME = "$(TARGET_NAME)";
				SUPPORTED_PLATFORMS = "iphoneos iphonesimulator";
				SUPPORTS_MACCATALYST = NO;
				SUPPORTS_XR_DESIGNED_FOR_IPHONE_IPAD = NO;
				SWIFT_EMIT_LOC_STRINGS = YES;
				SWIFT_VERSION = 5.0;
				TARGETED_DEVICE_FAMILY = "1,2";
			};
			name = Release;
		};
/* End XCBuildConfiguration section */

/* Begin XCConfigurationList section */
		6EB058202C3D9F2E00D23762 /* Build configuration list for PBXProject "TrafficLights" */ = {
			isa = XCConfigurationList;
			buildConfigurations = (
				6EB058372C3D9F3100D23762 /* Debug */,
				6EB058382C3D9F3100D23762 /* Release */,
			);
			defaultConfigurationIsVisible = 0;
			defaultConfigurationName = Release;
		};
		6EB058392C3D9F3100D23762 /* Build configuration list for PBXNativeTarget "TrafficLights" */ = {
			isa = XCConfigurationList;
			buildConfigurations = (
				6EB0583A2C3D9F3100D23762 /* Debug */,
				6EB0583B2C3D9F3100D23762 /* Release */,
			);
			defaultConfigurationIsVisible = 0;
			defaultConfigurationName = Release;
		};
/* End XCConfigurationList section */
	};
	rootObject = 6EB0581D2C3D9F2E00D23762 /* Project object */;
}
